
Microsoft Visual Studio Solution File, Format Version 10.00
# Visual Studio 2008
Project("{2150E333-8FDC-42A3-9474-1A3956D46DE8}") = "Test", "Test", "{9450CBB3-3417-477D-8C0E-C916B8A1F8EF}"
EndProject
Project("{8BC9CEB8-8B4A-11D0-8D11-00A0C91BC942}") = "TestStd1 - Memory", "Test\TestStd1\TestStd1.vcproj", "{5CB78594-2AE4-43C5-ACC7-B488AC9F7099}"
EndProject
Project("{8BC9CEB8-8B4A-11D0-8D11-00A0C91BC942}") = "TestStd2 - Container", "Test\TestStd2\TestStd2.vcproj", "{EBB5919E-762E-45C5-8519-72BD72FD8520}"
EndProject
Project("{8BC9CEB8-8B4A-11D0-8D11-00A0C91BC942}") = "TestStd3 - File", "Test\TestStd3\TestStd3.vcproj", "{91CEAF58-A34E-4E52-AEAF-22B2303D1920}"
EndProject
Project("{8BC9CEB8-8B4A-11D0-8D11-00A0C91BC942}") = "TestStd4 - Thread", "Test\TestStd4\TestStd4.vcproj", "{CCE4B139-AC75-44CC-94FD-036570E33329}"
EndProject
Project("{8BC9CEB8-8B4A-11D0-8D11-00A0C91BC942}") = "TestStd5 - RTTI", "Test\TestStd5\TestStd5.vcproj", "{5AB7A964-B6CA-4C3C-BC26-2E21F800BD40}"
EndProject
Project("{8BC9CEB8-8B4A-11D0-8D11-00A0C91BC942}") = "TestImg1", "Test\TestImg1\TestImg1.vcproj", "{AE2EF6C2-4A1F-4A1F-A7C9-B056686B3626}"
	ProjectSection(ProjectDependencies) = postProject
		{496C4806-8F01-4F35-9F94-BCB9106B8837} = {496C4806-8F01-4F35-9F94-BCB9106B8837}
	EndProjectSection
EndProject
Project("{8BC9CEB8-8B4A-11D0-8D11-00A0C91BC942}") = "TestGui1 - Btn+Pic", "Test\TestGui1\TestGui1.vcproj", "{31C9A933-1B5E-4CA2-9C0D-89DC33D7BF14}"
	ProjectSection(ProjectDependencies) = postProject
		{496C4806-8F01-4F35-9F94-BCB9106B8837} = {496C4806-8F01-4F35-9F94-BCB9106B8837}
		{60AE5EAA-3717-42DC-BCF7-FC3D2F5CB6EC} = {60AE5EAA-3717-42DC-BCF7-FC3D2F5CB6EC}
		{1E78F0C0-6762-4EB5-866E-63C1DDA6A0A6} = {1E78F0C0-6762-4EB5-866E-63C1DDA6A0A6}
	EndProjectSection
EndProject
Project("{2150E333-8FDC-42A3-9474-1A3956D46DE8}") = "WinExp", "WinExp", "{118930E9-799B-4853-B6A1-DCE9A853BFFC}"
EndProject
Project("{8BC9CEB8-8B4A-11D0-8D11-00A0C91BC942}") = "StdExp", "WinExp\StdExp\StdExp.vcproj", "{60AE5EAA-3717-42DC-BCF7-FC3D2F5CB6EC}"
EndProject
Project("{8BC9CEB8-8B4A-11D0-8D11-00A0C91BC942}") = "ImgExp", "WinExp\ImgExp\ImgExp.vcproj", "{496C4806-8F01-4F35-9F94-BCB9106B8837}"
	ProjectSection(ProjectDependencies) = postProject
		{60AE5EAA-3717-42DC-BCF7-FC3D2F5CB6EC} = {60AE5EAA-3717-42DC-BCF7-FC3D2F5CB6EC}
	EndProjectSection
EndProject
Project("{8BC9CEB8-8B4A-11D0-8D11-00A0C91BC942}") = "GuiExp", "WinExp\GuiExp\GuiExp.vcproj", "{1E78F0C0-6762-4EB5-866E-63C1DDA6A0A6}"
	ProjectSection(ProjectDependencies) = postProject
		{496C4806-8F01-4F35-9F94-BCB9106B8837} = {496C4806-8F01-4F35-9F94-BCB9106B8837}
		{60AE5EAA-3717-42DC-BCF7-FC3D2F5CB6EC} = {60AE5EAA-3717-42DC-BCF7-FC3D2F5CB6EC}
	EndProjectSection
EndProject
Project("{8BC9CEB8-8B4A-11D0-8D11-00A0C91BC942}") = "TestGui2 - Edit", "Test\TestGui2\TestGui2.vcproj", "{FC7C5606-4E29-4321-8408-396B9B99EC7B}"
	ProjectSection(ProjectDependencies) = postProject
		{496C4806-8F01-4F35-9F94-BCB9106B8837} = {496C4806-8F01-4F35-9F94-BCB9106B8837}
		{60AE5EAA-3717-42DC-BCF7-FC3D2F5CB6EC} = {60AE5EAA-3717-42DC-BCF7-FC3D2F5CB6EC}
		{1E78F0C0-6762-4EB5-866E-63C1DDA6A0A6} = {1E78F0C0-6762-4EB5-866E-63C1DDA6A0A6}
	EndProjectSection
EndProject
Project("{8BC9CEB8-8B4A-11D0-8D11-00A0C91BC942}") = "TestGui3 - ListView", "Test\TestGui3\TestGui3.vcproj", "{257B925B-D8F7-40FA-B5CF-D37B16FA3930}"
	ProjectSection(ProjectDependencies) = postProject
		{496C4806-8F01-4F35-9F94-BCB9106B8837} = {496C4806-8F01-4F35-9F94-BCB9106B8837}
		{60AE5EAA-3717-42DC-BCF7-FC3D2F5CB6EC} = {60AE5EAA-3717-42DC-BCF7-FC3D2F5CB6EC}
		{1E78F0C0-6762-4EB5-866E-63C1DDA6A0A6} = {1E78F0C0-6762-4EB5-866E-63C1DDA6A0A6}
	EndProjectSection
EndProject
Project("{2150E333-8FDC-42A3-9474-1A3956D46DE8}") = "Demo", "Demo", "{376BC7D9-CD5D-4F1A-BF7B-3F55168172CD}"
EndProject
Project("{8BC9CEB8-8B4A-11D0-8D11-00A0C91BC942}") = "DemoGui1", "Demo\DemoGui1\DemoGui1.vcproj", "{8E811A26-99F7-403E-B965-AB5080DF7D72}"
	ProjectSection(ProjectDependencies) = postProject
		{496C4806-8F01-4F35-9F94-BCB9106B8837} = {496C4806-8F01-4F35-9F94-BCB9106B8837}
		{60AE5EAA-3717-42DC-BCF7-FC3D2F5CB6EC} = {60AE5EAA-3717-42DC-BCF7-FC3D2F5CB6EC}
		{1E78F0C0-6762-4EB5-866E-63C1DDA6A0A6} = {1E78F0C0-6762-4EB5-866E-63C1DDA6A0A6}
	EndProjectSection
EndProject
Project("{8BC9CEB8-8B4A-11D0-8D11-00A0C91BC942}") = "TestImg2", "Test\TestImg2\TestImg2.vcproj", "{B1537CD0-4485-4474-A325-7718F6325E77}"
	ProjectSection(ProjectDependencies) = postProject
		{496C4806-8F01-4F35-9F94-BCB9106B8837} = {496C4806-8F01-4F35-9F94-BCB9106B8837}
	EndProjectSection
EndProject
Global
	GlobalSection(SolutionConfigurationPlatforms) = preSolution
		Debug|Win32 = Debug|Win32
		Release|Win32 = Release|Win32
	EndGlobalSection
	GlobalSection(ProjectConfigurationPlatforms) = postSolution
		{5CB78594-2AE4-43C5-ACC7-B488AC9F7099}.Debug|Win32.ActiveCfg = Debug|Win32
		{5CB78594-2AE4-43C5-ACC7-B488AC9F7099}.Debug|Win32.Build.0 = Debug|Win32
		{5CB78594-2AE4-43C5-ACC7-B488AC9F7099}.Release|Win32.ActiveCfg = Release|Win32
		{5CB78594-2AE4-43C5-ACC7-B488AC9F7099}.Release|Win32.Build.0 = Release|Win32
		{EBB5919E-762E-45C5-8519-72BD72FD8520}.Debug|Win32.ActiveCfg = Debug|Win32
		{EBB5919E-762E-45C5-8519-72BD72FD8520}.Debug|Win32.Build.0 = Debug|Win32
		{EBB5919E-762E-45C5-8519-72BD72FD8520}.Release|Win32.ActiveCfg = Release|Win32
		{EBB5919E-762E-45C5-8519-72BD72FD8520}.Release|Win32.Build.0 = Release|Win32
		{91CEAF58-A34E-4E52-AEAF-22B2303D1920}.Debug|Win32.ActiveCfg = Debug|Win32
		{91CEAF58-A34E-4E52-AEAF-22B2303D1920}.Debug|Win32.Build.0 = Debug|Win32
		{91CEAF58-A34E-4E52-AEAF-22B2303D1920}.Release|Win32.ActiveCfg = Release|Win32
		{91CEAF58-A34E-4E52-AEAF-22B2303D1920}.Release|Win32.Build.0 = Release|Win32
		{CCE4B139-AC75-44CC-94FD-036570E33329}.Debug|Win32.ActiveCfg = Debug|Win32
		{CCE4B139-AC75-44CC-94FD-036570E33329}.Debug|Win32.Build.0 = Debug|Win32
		{CCE4B139-AC75-44CC-94FD-036570E33329}.Release|Win32.ActiveCfg = Release|Win32
		{CCE4B139-AC75-44CC-94FD-036570E33329}.Release|Win32.Build.0 = Release|Win32
		{5AB7A964-B6CA-4C3C-BC26-2E21F800BD40}.Debug|Win32.ActiveCfg = Debug|Win32
		{5AB7A964-B6CA-4C3C-BC26-2E21F800BD40}.Debug|Win32.Build.0 = Debug|Win32
		{5AB7A964-B6CA-4C3C-BC26-2E21F800BD40}.Release|Win32.ActiveCfg = Release|Win32
		{5AB7A964-B6CA-4C3C-BC26-2E21F800BD40}.Release|Win32.Build.0 = Release|Win32
		{AE2EF6C2-4A1F-4A1F-A7C9-B056686B3626}.Debug|Win32.ActiveCfg = Debug|Win32
		{AE2EF6C2-4A1F-4A1F-A7C9-B056686B3626}.Debug|Win32.Build.0 = Debug|Win32
		{AE2EF6C2-4A1F-4A1F-A7C9-B056686B3626}.Release|Win32.ActiveCfg = Release|Win32
		{AE2EF6C2-4A1F-4A1F-A7C9-B056686B3626}.Release|Win32.Build.0 = Release|Win32
		{31C9A933-1B5E-4CA2-9C0D-89DC33D7BF14}.Debug|Win32.ActiveCfg = Debug|Win32
		{31C9A933-1B5E-4CA2-9C0D-89DC33D7BF14}.Debug|Win32.Build.0 = Debug|Win32
		{31C9A933-1B5E-4CA2-9C0D-89DC33D7BF14}.Release|Win32.ActiveCfg = Release|Win32
		{31C9A933-1B5E-4CA2-9C0D-89DC33D7BF14}.Release|Win32.Build.0 = Release|Win32
		{60AE5EAA-3717-42DC-BCF7-FC3D2F5CB6EC}.Debug|Win32.ActiveCfg = Debug|Win32
		{60AE5EAA-3717-42DC-BCF7-FC3D2F5CB6EC}.Debug|Win32.Build.0 = Debug|Win32
		{60AE5EAA-3717-42DC-BCF7-FC3D2F5CB6EC}.Release|Win32.ActiveCfg = Release|Win32
		{60AE5EAA-3717-42DC-BCF7-FC3D2F5CB6EC}.Release|Win32.Build.0 = Release|Win32
		{496C4806-8F01-4F35-9F94-BCB9106B8837}.Debug|Win32.ActiveCfg = Debug|Win32
		{496C4806-8F01-4F35-9F94-BCB9106B8837}.Debug|Win32.Build.0 = Debug|Win32
		{496C4806-8F01-4F35-9F94-BCB9106B8837}.Release|Win32.ActiveCfg = Release|Win32
		{496C4806-8F01-4F35-9F94-BCB9106B8837}.Release|Win32.Build.0 = Release|Win32
		{1E78F0C0-6762-4EB5-866E-63C1DDA6A0A6}.Debug|Win32.ActiveCfg = Debug|Win32
		{1E78F0C0-6762-4EB5-866E-63C1DDA6A0A6}.Debug|Win32.Build.0 = Debug|Win32
		{1E78F0C0-6762-4EB5-866E-63C1DDA6A0A6}.Release|Win32.ActiveCfg = Release|Win32
		{1E78F0C0-6762-4EB5-866E-63C1DDA6A0A6}.Release|Win32.Build.0 = Release|Win32
		{FC7C5606-4E29-4321-8408-396B9B99EC7B}.Debug|Win32.ActiveCfg = Debug|Win32
		{FC7C5606-4E29-4321-8408-396B9B99EC7B}.Debug|Win32.Build.0 = Debug|Win32
		{FC7C5606-4E29-4321-8408-396B9B99EC7B}.Release|Win32.ActiveCfg = Release|Win32
		{FC7C5606-4E29-4321-8408-396B9B99EC7B}.Release|Win32.Build.0 = Release|Win32
		{257B925B-D8F7-40FA-B5CF-D37B16FA3930}.Debug|Win32.ActiveCfg = Debug|Win32
		{257B925B-D8F7-40FA-B5CF-D37B16FA3930}.Debug|Win32.Build.0 = Debug|Win32
		{257B925B-D8F7-40FA-B5CF-D37B16FA3930}.Release|Win32.ActiveCfg = Release|Win32
		{257B925B-D8F7-40FA-B5CF-D37B16FA3930}.Release|Win32.Build.0 = Release|Win32
		{8E811A26-99F7-403E-B965-AB5080DF7D72}.Debug|Win32.ActiveCfg = Debug|Win32
		{8E811A26-99F7-403E-B965-AB5080DF7D72}.Debug|Win32.Build.0 = Debug|Win32
		{8E811A26-99F7-403E-B965-AB5080DF7D72}.Release|Win32.ActiveCfg = Release|Win32
		{8E811A26-99F7-403E-B965-AB5080DF7D72}.Release|Win32.Build.0 = Release|Win32
		{B1537CD0-4485-4474-A325-7718F6325E77}.Debug|Win32.ActiveCfg = Debug|Win32
		{B1537CD0-4485-4474-A325-7718F6325E77}.Debug|Win32.Build.0 = Debug|Win32
		{B1537CD0-4485-4474-A325-7718F6325E77}.Release|Win32.ActiveCfg = Release|Win32
		{B1537CD0-4485-4474-A325-7718F6325E77}.Release|Win32.Build.0 = Release|Win32
	EndGlobalSection
	GlobalSection(SolutionProperties) = preSolution
		HideSolutionNode = FALSE
	EndGlobalSection
	GlobalSection(NestedProjects) = preSolution
		{5CB78594-2AE4-43C5-ACC7-B488AC9F7099} = {9450CBB3-3417-477D-8C0E-C916B8A1F8EF}
		{EBB5919E-762E-45C5-8519-72BD72FD8520} = {9450CBB3-3417-477D-8C0E-C916B8A1F8EF}
		{91CEAF58-A34E-4E52-AEAF-22B2303D1920} = {9450CBB3-3417-477D-8C0E-C916B8A1F8EF}
		{CCE4B139-AC75-44CC-94FD-036570E33329} = {9450CBB3-3417-477D-8C0E-C916B8A1F8EF}
		{5AB7A964-B6CA-4C3C-BC26-2E21F800BD40} = {9450CBB3-3417-477D-8C0E-C916B8A1F8EF}
		{AE2EF6C2-4A1F-4A1F-A7C9-B056686B3626} = {9450CBB3-3417-477D-8C0E-C916B8A1F8EF}
		{31C9A933-1B5E-4CA2-9C0D-89DC33D7BF14} = {9450CBB3-3417-477D-8C0E-C916B8A1F8EF}
		{FC7C5606-4E29-4321-8408-396B9B99EC7B} = {9450CBB3-3417-477D-8C0E-C916B8A1F8EF}
		{257B925B-D8F7-40FA-B5CF-D37B16FA3930} = {9450CBB3-3417-477D-8C0E-C916B8A1F8EF}
		{B1537CD0-4485-4474-A325-7718F6325E77} = {9450CBB3-3417-477D-8C0E-C916B8A1F8EF}
		{60AE5EAA-3717-42DC-BCF7-FC3D2F5CB6EC} = {118930E9-799B-4853-B6A1-DCE9A853BFFC}
		{496C4806-8F01-4F35-9F94-BCB9106B8837} = {118930E9-799B-4853-B6A1-DCE9A853BFFC}
		{1E78F0C0-6762-4EB5-866E-63C1DDA6A0A6} = {118930E9-799B-4853-B6A1-DCE9A853BFFC}
		{8E811A26-99F7-403E-B965-AB5080DF7D72} = {376BC7D9-CD5D-4F1A-BF7B-3F55168172CD}
	EndGlobalSection
EndGlobal
